
Microsoft Visual Studio Solution File, Format Version 12.00
# Visual Studio Version 16
VisualStudioVersion = 16.0.29709.97
MinimumVisualStudioVersion = 10.0.40219.1
Project("{FAE04EC0-301F-11D3-BF4B-00C04F79EFBC}") = "Classes Participation Alex McAllister", "Classes Participation\Classes Participation Alex McAllister.csproj", "{04C25A82-4A43-499B-A86E-4F048497D794}"
EndProject
Global
	GlobalSection(SolutionConfigurationPlatforms) = preSolution
		Debug|Any CPU = Debug|Any CPU
		Release|Any CPU = Release|Any CPU
	EndGlobalSection
	GlobalSection(ProjectConfigurationPlatforms) = postSolution
		{04C25A82-4A43-499B-A86E-4F048497D794}.Debug|Any CPU.ActiveCfg = Debug|Any CPU
		{04C25A82-4A43-499B-A86E-4F048497D794}.Debug|Any CPU.Build.0 = Debug|Any CPU
		{04C25A82-4A43-499B-A86E-4F048497D794}.Release|Any CPU.ActiveCfg = Release|Any CPU
		{04C25A82-4A43-499B-A86E-4F048497D794}.Release|Any CPU.Build.0 = Release|Any CPU
	EndGlobalSection
	GlobalSection(SolutionProperties) = preSolution
		HideSolutionNode = FALSE
	EndGlobalSection
	GlobalSection(ExtensibilityGlobals) = postSolution
		SolutionGuid = {D513FCD7-D831-4FD7-AB0E-9877B4EB6F0D}
	EndGlobalSection
EndGlobal
