
Microsoft Visual Studio Solution File, Format Version 12.00
# Visual Studio 15
VisualStudioVersion = 15.0.28010.2050
MinimumVisualStudioVersion = 10.0.40219.1
Project("{FAE04EC0-301F-11D3-BF4B-00C04F79EFBC}") = "notes 2 conversion", "notes 2 conversion\notes 2 conversion.csproj", "{49D7AE87-483B-4467-812B-0E39097F9B44}"
EndProject
Global
	GlobalSection(SolutionConfigurationPlatforms) = preSolution
		Debug|Any CPU = Debug|Any CPU
		Release|Any CPU = Release|Any CPU
	EndGlobalSection
	GlobalSection(ProjectConfigurationPlatforms) = postSolution
		{49D7AE87-483B-4467-812B-0E39097F9B44}.Debug|Any CPU.ActiveCfg = Debug|Any CPU
		{49D7AE87-483B-4467-812B-0E39097F9B44}.Debug|Any CPU.Build.0 = Debug|Any CPU
		{49D7AE87-483B-4467-812B-0E39097F9B44}.Release|Any CPU.ActiveCfg = Release|Any CPU
		{49D7AE87-483B-4467-812B-0E39097F9B44}.Release|Any CPU.Build.0 = Release|Any CPU
	EndGlobalSection
	GlobalSection(SolutionProperties) = preSolution
		HideSolutionNode = FALSE
	EndGlobalSection
	GlobalSection(ExtensibilityGlobals) = postSolution
		SolutionGuid = {4AB7E8F0-D077-4DA1-B62D-33DA62223056}
	EndGlobalSection
EndGlobal
