
Microsoft Visual Studio Solution File, Format Version 12.00
# Visual Studio Version 16
VisualStudioVersion = 16.0.29709.97
MinimumVisualStudioVersion = 10.0.40219.1
Project("{FAE04EC0-301F-11D3-BF4B-00C04F79EFBC}") = "ConsoleApp2", "ConsoleApp2\ConsoleApp2.csproj", "{669D52EF-8839-4A29-8EEF-E3B7E49A8299}"
EndProject
Global
	GlobalSection(SolutionConfigurationPlatforms) = preSolution
		Debug|Any CPU = Debug|Any CPU
		Release|Any CPU = Release|Any CPU
	EndGlobalSection
	GlobalSection(ProjectConfigurationPlatforms) = postSolution
		{669D52EF-8839-4A29-8EEF-E3B7E49A8299}.Debug|Any CPU.ActiveCfg = Debug|Any CPU
		{669D52EF-8839-4A29-8EEF-E3B7E49A8299}.Debug|Any CPU.Build.0 = Debug|Any CPU
		{669D52EF-8839-4A29-8EEF-E3B7E49A8299}.Release|Any CPU.ActiveCfg = Release|Any CPU
		{669D52EF-8839-4A29-8EEF-E3B7E49A8299}.Release|Any CPU.Build.0 = Release|Any CPU
	EndGlobalSection
	GlobalSection(SolutionProperties) = preSolution
		HideSolutionNode = FALSE
	EndGlobalSection
	GlobalSection(ExtensibilityGlobals) = postSolution
		SolutionGuid = {580D49C8-EE03-4232-B889-0AD43DC23158}
	EndGlobalSection
EndGlobal
